
Microsoft Visual Studio Solution File, Format Version 12.00
# Visual Studio Version 17
VisualStudioVersion = 17.5.33414.496
MinimumVisualStudioVersion = 10.0.40219.1
Project("{FAE04EC0-301F-11D3-BF4B-00C04F79EFBC}") = "OTKInformationSystem", "OTKInformationSystem.csproj", "{39EA5EA9-125C-4171-99DD-C1194659F1A8}"
EndProject
Global
	GlobalSection(SolutionConfigurationPlatforms) = preSolution
		Debug|Any CPU = Debug|Any CPU
		Release|Any CPU = Release|Any CPU
	EndGlobalSection
	GlobalSection(ProjectConfigurationPlatforms) = postSolution
		{39EA5EA9-125C-4171-99DD-C1194659F1A8}.Debug|Any CPU.ActiveCfg = Debug|Any CPU
		{39EA5EA9-125C-4171-99DD-C1194659F1A8}.Debug|Any CPU.Build.0 = Debug|Any CPU
		{39EA5EA9-125C-4171-99DD-C1194659F1A8}.Release|Any CPU.ActiveCfg = Release|Any CPU
		{39EA5EA9-125C-4171-99DD-C1194659F1A8}.Release|Any CPU.Build.0 = Release|Any CPU
	EndGlobalSection
	GlobalSection(SolutionProperties) = preSolution
		HideSolutionNode = FALSE
	EndGlobalSection
	GlobalSection(ExtensibilityGlobals) = postSolution
		SolutionGuid = {6437B402-2F2A-4FC2-94BD-DBB5E63E37BE}
	EndGlobalSection
EndGlobal
